<?xml version="1.0" encoding="utf-8"?>
<Project ToolsVersion="4.0" xmlns="http://schemas.microsoft.com/developer/msbuild/2003">
  <ItemGroup>
    <ClInclude Include="resource.h" />
    <ClInclude Include="Source\lookup_table.hpp">
      <Filter>Sources\Base\Direct3D</Filter>
    </ClInclude>
    <ClInclude Include="Source\d3d8to9.hpp">
      <Filter>Sources\Base\Direct3D</Filter>
    </ClInclude>
    <ClInclude Include="Source\d3d8types.hpp">
      <Filter>Sources\Base\Direct3D</Filter>
    </ClInclude>
    <ClInclude Include="Source\MultiWindow.h">
      <Filter>Sources\Base</Filter>
    </ClInclude>
    <ClInclude Include="Source\Engine.h">
      <Filter>Sources\Base</Filter>
    </ClInclude>
    <ClInclude Include="Source\FontManager.h">
      <Filter>Sources\Font Manager</Filter>
    </ClInclude>
    <ClInclude Include="Source\FreeTypeFont.h">
      <Filter>Sources\Font Manager</Filter>
    </ClInclude>
    <ClInclude Include="Source\Font.h">
      <Filter>Sources\Font Manager</Filter>
    </ClInclude>
    <ClInclude Include="Source\Mesh.h">
      <Filter>Sources\Mesh Manager</Filter>
    </ClInclude>
    <ClInclude Include="Source\MeshManager.h">
      <Filter>Sources\Mesh Manager</Filter>
    </ClInclude>
    <ClInclude Include="Source\Detour.h">
      <Filter>Sources\Utils\Hook</Filter>
    </ClInclude>
    <ClInclude Include="Source\fp_call.h">
      <Filter>Sources\Utils\Hook</Filter>
    </ClInclude>
    <ClInclude Include="Source\PostProcessing.h">
      <Filter>Sources\Post Process Manager</Filter>
    </ClInclude>
    <ClInclude Include="Source\SMAA.h">
      <Filter>Sources\Post Process Manager</Filter>
    </ClInclude>
    <ClInclude Include="Source\PostProcess.h">
      <Filter>Sources\Post Process Manager</Filter>
    </ClInclude>
    <ClInclude Include="Source\Jpeg.h">
      <Filter>Sources\Resource Manager</Filter>
    </ClInclude>
    <ClInclude Include="Source\ResourceManager.h">
      <Filter>Sources\Resource Manager</Filter>
    </ClInclude>
    <ClInclude Include="Source\Texture2D.h">
      <Filter>Sources\Resource Manager</Filter>
    </ClInclude>
    <ClInclude Include="Source\TextureCube.h">
      <Filter>Sources\Resource Manager</Filter>
    </ClInclude>
    <ClInclude Include="Source\TextureManager.h">
      <Filter>Sources\Resource Manager</Filter>
    </ClInclude>
    <ClInclude Include="Source\TextureRenderTarget2D.h">
      <Filter>Sources\Resource Manager</Filter>
    </ClInclude>
    <ClInclude Include="Source\Blp.h">
      <Filter>Sources\Resource Manager</Filter>
    </ClInclude>
    <ClInclude Include="Source\GUI.h">
      <Filter>Sources\Systems</Filter>
    </ClInclude>
    <ClInclude Include="Source\Input.h">
      <Filter>Sources\Systems</Filter>
    </ClInclude>
    <ClInclude Include="Source\AntTweakBar.h">
      <Filter>Sources\Systems</Filter>
    </ClInclude>
    <ClInclude Include="Source\Camera.h">
      <Filter>Sources\Systems</Filter>
    </ClInclude>
    <ClInclude Include="Source\CascadedShadows.h">
      <Filter>Sources\Systems</Filter>
    </ClInclude>
    <ClInclude Include="Source\CustomJassNatives.h">
      <Filter>Sources\Warcraft\Jass API</Filter>
    </ClInclude>
    <ClInclude Include="Source\JassApi.h">
      <Filter>Sources\Warcraft\Jass API</Filter>
    </ClInclude>
    <ClInclude Include="Source\JassNatives.h">
      <Filter>Sources\Warcraft\Jass API</Filter>
    </ClInclude>
    <ClInclude Include="Source\RenderingHook.h">
      <Filter>Sources\Warcraft</Filter>
    </ClInclude>
    <ClInclude Include="Source\Storm.h">
      <Filter>Sources\Warcraft</Filter>
    </ClInclude>
    <ClInclude Include="Source\GameOffsets.h">
      <Filter>Sources\Warcraft</Filter>
    </ClInclude>
    <ClInclude Include="Source\GameUI.h">
      <Filter>Sources\Warcraft</Filter>
    </ClInclude>
    <ClInclude Include="Source\MPQ.h">
      <Filter>Sources\Warcraft</Filter>
    </ClInclude>
    <ClInclude Include="Source\Utils.h">
      <Filter>Sources\Utils</Filter>
    </ClInclude>
    <ClInclude Include="Source\Vector.h">
      <Filter>Sources\Utils</Filter>
    </ClInclude>
    <ClInclude Include="Source\Buffer.h">
      <Filter>Sources\Utils</Filter>
    </ClInclude>
    <ClInclude Include="Source\Buffers.h">
      <Filter>Sources\Utils</Filter>
    </ClInclude>
    <ClInclude Include="Source\Container.h">
      <Filter>Sources\Utils</Filter>
    </ClInclude>
    <ClInclude Include="Source\ini.h">
      <Filter>Sources\Utils</Filter>
    </ClInclude>
    <ClInclude Include="Source\INIReader.h">
      <Filter>Sources\Utils</Filter>
    </ClInclude>
    <ClInclude Include="Source\Log.h">
      <Filter>Sources\Utils</Filter>
    </ClInclude>
    <ClInclude Include="Source\SystemTextures.h">
      <Filter>Sources\Resource Manager</Filter>
    </ClInclude>
    <ClInclude Include="Source\FColor.h">
      <Filter>Sources\Math</Filter>
    </ClInclude>
  </ItemGroup>
  <ItemGroup>
    <ResourceCompile Include="RenderEdge.rc" />
  </ItemGroup>
  <ItemGroup>
    <Filter Include="Sources">
      <UniqueIdentifier>{e8bda743-eb69-434d-ab6a-7972473df3df}</UniqueIdentifier>
    </Filter>
    <Filter Include="Sources\Base">
      <UniqueIdentifier>{d42db0d6-e85e-44c0-bafc-98dae7fc8e36}</UniqueIdentifier>
    </Filter>
    <Filter Include="Sources\Base\Direct3D">
      <UniqueIdentifier>{36ee7f06-e7e0-4ef6-98d0-818042802c19}</UniqueIdentifier>
    </Filter>
    <Filter Include="Sources\Font Manager">
      <UniqueIdentifier>{d06856ac-3814-46e2-afd2-ba83acfcd2e3}</UniqueIdentifier>
    </Filter>
    <Filter Include="Sources\Math">
      <UniqueIdentifier>{a7755e45-78a6-4217-bb1a-c15810729c9b}</UniqueIdentifier>
    </Filter>
    <Filter Include="Sources\Mesh Manager">
      <UniqueIdentifier>{53af1b24-cccd-4c7e-b296-af9c55a29cf5}</UniqueIdentifier>
    </Filter>
    <Filter Include="Sources\Post Process Manager">
      <UniqueIdentifier>{8aee59e9-5f28-4636-985c-5ebc5e7b57b2}</UniqueIdentifier>
    </Filter>
    <Filter Include="Sources\Resource Manager">
      <UniqueIdentifier>{42b3267a-1b4b-4101-a1a5-5afc8080e6ef}</UniqueIdentifier>
    </Filter>
    <Filter Include="Shaders">
      <UniqueIdentifier>{d504d779-ec1b-472f-a34a-7e4e6b6b22db}</UniqueIdentifier>
    </Filter>
    <Filter Include="Sources\Systems">
      <UniqueIdentifier>{566c6bd2-8992-44fc-91c6-e5d26ed49966}</UniqueIdentifier>
    </Filter>
    <Filter Include="Sources\Utils">
      <UniqueIdentifier>{939455d4-2d56-49de-bbfe-0cd79b2293c1}</UniqueIdentifier>
    </Filter>
    <Filter Include="Sources\Warcraft">
      <UniqueIdentifier>{e7228916-a3e8-4533-9459-78351bba7a7a}</UniqueIdentifier>
    </Filter>
    <Filter Include="Sources\Warcraft\Jass API">
      <UniqueIdentifier>{9ca07ac4-c9d9-41b5-95e6-b397349f59b5}</UniqueIdentifier>
    </Filter>
    <Filter Include="Sources\Utils\Hook">
      <UniqueIdentifier>{119efd6a-3364-42cd-9767-7f0878d430c2}</UniqueIdentifier>
    </Filter>
  </ItemGroup>
  <ItemGroup>
    <None Include="Shaders\Random.fxh">
      <Filter>Shaders</Filter>
    </None>
    <None Include="Shaders\Shading.fxh">
      <Filter>Shaders</Filter>
    </None>
    <None Include="Shaders\ShadowCommon.fxh">
      <Filter>Shaders</Filter>
    </None>
    <None Include="Shaders\SMAA.fxh">
      <Filter>Shaders</Filter>
    </None>
    <None Include="Shaders\SSAO.fxh">
      <Filter>Shaders</Filter>
    </None>
    <None Include="Shaders\SSR.fxh">
      <Filter>Shaders</Filter>
    </None>
    <None Include="Shaders\TAA.fxh">
      <Filter>Shaders</Filter>
    </None>
    <None Include="Shaders\ToneMapping.fxh">
      <Filter>Shaders</Filter>
    </None>
    <None Include="Shaders\ACES.fxh">
      <Filter>Shaders</Filter>
    </None>
    <None Include="Shaders\Bloom.fxh">
      <Filter>Shaders</Filter>
    </None>
    <None Include="Shaders\Common.fxh">
      <Filter>Shaders</Filter>
    </None>
    <None Include="Shaders\CompositeUI.fxh">
      <Filter>Shaders</Filter>
    </None>
    <None Include="Shaders\ContactShadows.fxh">
      <Filter>Shaders</Filter>
    </None>
    <None Include="Shaders\EyeAdaptation.fxh">
      <Filter>Shaders</Filter>
    </None>
    <None Include="Shaders\Fog.fxh">
      <Filter>Shaders</Filter>
    </None>
    <None Include="Shaders\GammaCorrection.fxh">
      <Filter>Shaders</Filter>
    </None>
    <None Include="Shaders\LutBaker.fxh">
      <Filter>Shaders</Filter>
    </None>
    <None Include="Shaders\PostProcessCommon.fxh">
      <Filter>Shaders</Filter>
    </None>
    <None Include="..\Bin\Release\RenderEdge.ini" />
  </ItemGroup>
  <ItemGroup>
    <FxCompile Include="Shaders\Shadows.fx">
      <Filter>Shaders</Filter>
    </FxCompile>
    <FxCompile Include="Shaders\Skybox.fx">
      <Filter>Shaders</Filter>
    </FxCompile>
    <FxCompile Include="Shaders\SMAA.fx">
      <Filter>Shaders</Filter>
    </FxCompile>
    <FxCompile Include="Shaders\Standard.fx">
      <Filter>Shaders</Filter>
    </FxCompile>
    <FxCompile Include="Shaders\PostProcess.fx">
      <Filter>Shaders</Filter>
    </FxCompile>
  </ItemGroup>
  <ItemGroup>
    <ClCompile Include="Source\lookup_table.cpp">
      <Filter>Sources\Base\Direct3D</Filter>
    </ClCompile>
    <ClCompile Include="Source\d3d8to9_base.cpp">
      <Filter>Sources\Base\Direct3D</Filter>
    </ClCompile>
    <ClCompile Include="Source\d3d8to9_device.cpp">
      <Filter>Sources\Base\Direct3D</Filter>
    </ClCompile>
    <ClCompile Include="Source\d3d8to9_index_buffer.cpp">
      <Filter>Sources\Base\Direct3D</Filter>
    </ClCompile>
    <ClCompile Include="Source\d3d8to9_surface.cpp">
      <Filter>Sources\Base\Direct3D</Filter>
    </ClCompile>
    <ClCompile Include="Source\d3d8to9_swap_chain.cpp">
      <Filter>Sources\Base\Direct3D</Filter>
    </ClCompile>
    <ClCompile Include="Source\d3d8to9_texture.cpp">
      <Filter>Sources\Base\Direct3D</Filter>
    </ClCompile>
    <ClCompile Include="Source\d3d8to9_vertex_buffer.cpp">
      <Filter>Sources\Base\Direct3D</Filter>
    </ClCompile>
    <ClCompile Include="Source\d3d8to9_volume.cpp">
      <Filter>Sources\Base\Direct3D</Filter>
    </ClCompile>
    <ClCompile Include="Source\d3d8types.cpp">
      <Filter>Sources\Base\Direct3D</Filter>
    </ClCompile>
    <ClCompile Include="Source\MultiWindow.cpp">
      <Filter>Sources\Base</Filter>
    </ClCompile>
    <ClCompile Include="Source\DllMain.cpp">
      <Filter>Sources\Base</Filter>
    </ClCompile>
    <ClCompile Include="Source\Engine.cpp">
      <Filter>Sources\Base</Filter>
    </ClCompile>
    <ClCompile Include="Source\FontManager.cpp">
      <Filter>Sources\Font Manager</Filter>
    </ClCompile>
    <ClCompile Include="Source\FreeTypeFont.cpp">
      <Filter>Sources\Font Manager</Filter>
    </ClCompile>
    <ClCompile Include="Source\Font.cpp">
      <Filter>Sources\Font Manager</Filter>
    </ClCompile>
    <ClCompile Include="Source\MeshManager.cpp">
      <Filter>Sources\Mesh Manager</Filter>
    </ClCompile>
    <ClCompile Include="Source\Mesh.cpp">
      <Filter>Sources\Mesh Manager</Filter>
    </ClCompile>
    <ClCompile Include="Source\Detour.cpp">
      <Filter>Sources\Utils\Hook</Filter>
    </ClCompile>
    <ClCompile Include="Source\PostProcessing.cpp">
      <Filter>Sources\Post Process Manager</Filter>
    </ClCompile>
    <ClCompile Include="Source\SMAA.cpp">
      <Filter>Sources\Post Process Manager</Filter>
    </ClCompile>
    <ClCompile Include="Source\PostProcess.cpp">
      <Filter>Sources\Post Process Manager</Filter>
    </ClCompile>
    <ClCompile Include="Source\Jpeg.cpp">
      <Filter>Sources\Resource Manager</Filter>
    </ClCompile>
    <ClCompile Include="Source\ResourceManager.cpp">
      <Filter>Sources\Resource Manager</Filter>
    </ClCompile>
    <ClCompile Include="Source\Texture2D.cpp">
      <Filter>Sources\Resource Manager</Filter>
    </ClCompile>
    <ClCompile Include="Source\TextureCube.cpp">
      <Filter>Sources\Resource Manager</Filter>
    </ClCompile>
    <ClCompile Include="Source\TextureManager.cpp">
      <Filter>Sources\Resource Manager</Filter>
    </ClCompile>
    <ClCompile Include="Source\TextureRenderTarget2D.cpp">
      <Filter>Sources\Resource Manager</Filter>
    </ClCompile>
    <ClCompile Include="Source\Blp.cpp">
      <Filter>Sources\Resource Manager</Filter>
    </ClCompile>
    <ClCompile Include="Source\Input.cpp">
      <Filter>Sources\Systems</Filter>
    </ClCompile>
    <ClCompile Include="Source\AntTweakBar.cpp">
      <Filter>Sources\Systems</Filter>
    </ClCompile>
    <ClCompile Include="Source\Camera.cpp">
      <Filter>Sources\Systems</Filter>
    </ClCompile>
    <ClCompile Include="Source\CascadedShadows.cpp">
      <Filter>Sources\Systems</Filter>
    </ClCompile>
    <ClCompile Include="Source\GUI.cpp">
      <Filter>Sources\Systems</Filter>
    </ClCompile>
    <ClCompile Include="Source\JassApi.cpp">
      <Filter>Sources\Warcraft\Jass API</Filter>
    </ClCompile>
    <ClCompile Include="Source\JassNatives.cpp">
      <Filter>Sources\Warcraft\Jass API</Filter>
    </ClCompile>
    <ClCompile Include="Source\CustomJassNatives.cpp">
      <Filter>Sources\Warcraft\Jass API</Filter>
    </ClCompile>
    <ClCompile Include="Source\RenderingHook.cpp">
      <Filter>Sources\Warcraft</Filter>
    </ClCompile>
    <ClCompile Include="Source\Storm.cpp">
      <Filter>Sources\Warcraft</Filter>
    </ClCompile>
    <ClCompile Include="Source\GameOffsets.cpp">
      <Filter>Sources\Warcraft</Filter>
    </ClCompile>
    <ClCompile Include="Source\GameUI.cpp">
      <Filter>Sources\Warcraft</Filter>
    </ClCompile>
    <ClCompile Include="Source\MPQ.cpp">
      <Filter>Sources\Warcraft</Filter>
    </ClCompile>
    <ClCompile Include="Source\Utils.cpp">
      <Filter>Sources\Utils</Filter>
    </ClCompile>
    <ClCompile Include="Source\Buffer.cpp">
      <Filter>Sources\Utils</Filter>
    </ClCompile>
    <ClCompile Include="Source\Buffers.cpp">
      <Filter>Sources\Utils</Filter>
    </ClCompile>
    <ClCompile Include="Source\INIReader.cpp">
      <Filter>Sources\Utils</Filter>
    </ClCompile>
    <ClCompile Include="Source\Log.cpp">
      <Filter>Sources\Utils</Filter>
    </ClCompile>
    <ClCompile Include="Source\SystemTextures.cpp">
      <Filter>Sources\Resource Manager</Filter>
    </ClCompile>
    <ClCompile Include="Source\FColor.cpp">
      <Filter>Sources\Math</Filter>
    </ClCompile>
  </ItemGroup>
</Project>